{
  "name": "myfram",
  "version": "1.0.0",
  "lockfileVersion": 2,
  "requires": true,
  "packages": {
    "": {
      "name": "myfram",
      "version": "1.0.0",
      "license": "ISC",
      "dependencies": {
        "@openzeppelin/contracts-upgradeable": "^4.4.1"
      }
    },
    "node_modules/@openzeppelin/contracts-upgradeable": {
      "version": "4.4.1",
      "resolved": "https://registry.npmmirror.com/@openzeppelin/contracts-upgradeable/download/@openzeppelin/contracts-upgradeable-4.4.1.tgz",
      "integrity": "sha512-84dUN+TBY42D52BzUc4RHxU4KORs8Ys7dj3nH0WX1QKtlS6rrN45gL+sxaotkPdCqFLVLPyj+kd8GfJ4puxVjA=="
    }
  },
  "dependencies": {
    "@openzeppelin/contracts-upgradeable": {
      "version": "4.4.1",
      "resolved": "https://registry.npmmirror.com/@openzeppelin/contracts-upgradeable/download/@openzeppelin/contracts-upgradeable-4.4.1.tgz",
      "integrity": "sha512-84dUN+TBY42D52BzUc4RHxU4KORs8Ys7dj3nH0WX1QKtlS6rrN45gL+sxaotkPdCqFLVLPyj+kd8GfJ4puxVjA=="
    }
  }
}
